
Microsoft Visual Studio Solution File, Format Version 12.00
# Visual Studio 15
VisualStudioVersion = 15.0.28010.2050
MinimumVisualStudioVersion = 10.0.40219.1
Project("{FAE04EC0-301F-11D3-BF4B-00C04F79EFBC}") = "MySocket", "MySocket\MySocket.csproj", "{E0BC740E-CB1D-4FA7-B22A-B6559CB8F657}"
EndProject
Project("{FAE04EC0-301F-11D3-BF4B-00C04F79EFBC}") = "MySocket.Client", "MySocket.Client\MySocket.Client.csproj", "{801EFE72-7817-4BBD-90AF-CBEAB1518896}"
EndProject
Global
	GlobalSection(SolutionConfigurationPlatforms) = preSolution
		Debug|Any CPU = Debug|Any CPU
		Release|Any CPU = Release|Any CPU
	EndGlobalSection
	GlobalSection(ProjectConfigurationPlatforms) = postSolution
		{E0BC740E-CB1D-4FA7-B22A-B6559CB8F657}.Debug|Any CPU.ActiveCfg = Debug|Any CPU
		{E0BC740E-CB1D-4FA7-B22A-B6559CB8F657}.Debug|Any CPU.Build.0 = Debug|Any CPU
		{E0BC740E-CB1D-4FA7-B22A-B6559CB8F657}.Release|Any CPU.ActiveCfg = Release|Any CPU
		{E0BC740E-CB1D-4FA7-B22A-B6559CB8F657}.Release|Any CPU.Build.0 = Release|Any CPU
		{801EFE72-7817-4BBD-90AF-CBEAB1518896}.Debug|Any CPU.ActiveCfg = Debug|Any CPU
		{801EFE72-7817-4BBD-90AF-CBEAB1518896}.Debug|Any CPU.Build.0 = Debug|Any CPU
		{801EFE72-7817-4BBD-90AF-CBEAB1518896}.Release|Any CPU.ActiveCfg = Release|Any CPU
		{801EFE72-7817-4BBD-90AF-CBEAB1518896}.Release|Any CPU.Build.0 = Release|Any CPU
	EndGlobalSection
	GlobalSection(SolutionProperties) = preSolution
		HideSolutionNode = FALSE
	EndGlobalSection
	GlobalSection(ExtensibilityGlobals) = postSolution
		SolutionGuid = {07D10AB3-D336-47E1-8F77-00614EB70D94}
	EndGlobalSection
EndGlobal
